
Microsoft Visual Studio Solution File, Format Version 12.00
# Visual Studio Version 17
VisualStudioVersion = 17.8.34316.72
MinimumVisualStudioVersion = 10.0.40219.1
Project("{FAE04EC0-301F-11D3-BF4B-00C04F79EFBC}") = "BEAM Project", "BEAM Project.csproj", "{6301B0CF-74C7-4792-A1DE-87CC46601A34}"
EndProject
Global
	GlobalSection(SolutionConfigurationPlatforms) = preSolution
		Debug|Any CPU = Debug|Any CPU
		Release|Any CPU = Release|Any CPU
	EndGlobalSection
	GlobalSection(ProjectConfigurationPlatforms) = postSolution
		{6301B0CF-74C7-4792-A1DE-87CC46601A34}.Debug|Any CPU.ActiveCfg = Debug|Any CPU
		{6301B0CF-74C7-4792-A1DE-87CC46601A34}.Debug|Any CPU.Build.0 = Debug|Any CPU
		{6301B0CF-74C7-4792-A1DE-87CC46601A34}.Release|Any CPU.ActiveCfg = Release|Any CPU
		{6301B0CF-74C7-4792-A1DE-87CC46601A34}.Release|Any CPU.Build.0 = Release|Any CPU
	EndGlobalSection
	GlobalSection(SolutionProperties) = preSolution
		HideSolutionNode = FALSE
	EndGlobalSection
	GlobalSection(ExtensibilityGlobals) = postSolution
		SolutionGuid = {FDBA0E14-F386-45BE-9493-939A6D8EED02}
	EndGlobalSection
EndGlobal
